dependencies:
- name: nats
  repository: https://nats-io.github.io/k8s/helm/charts/
  version: 1.2.11
- name: redis
  repository: https://groundhog2k.github.io/helm-charts/
  version: 2.3.3
- name: postgres
  repository: https://groundhog2k.github.io/helm-charts/
  version: 1.6.3
- name: qdrant
  repository: https://qdrant.to/helm
  version: 1.18.1
- name: opentelemetry-collector
  repository: https://open-telemetry.github.io/opentelemetry-helm-charts
  version: 0.108.1
- name: keycloakx
  repository: https://codecentric.github.io/helm-charts
  version: 7.1.11
- name: minio
  repository: https://charts.min.io/
  version: 5.4.0
digest: sha256:bf610e3cd6a26e444162db0f37be97d3ad297820d3d099a25352ad5727f9982a
generated: "2026-06-01T14:03:25.417095+02:00"
